
Microsoft Visual Studio Solution File, Format Version 12.00
# Visual Studio Version 16
VisualStudioVersion = 16.0.29411.108
MinimumVisualStudioVersion = 10.0.40219.1
Project("{FAE04EC0-301F-11D3-BF4B-00C04F79EFBC}") = "InsuranceGenerator", "InsuranceGenerator\InsuranceGenerator.csproj", "{4F69876E-258D-43E1-8DF0-9232E908EF3A}"
EndProject
Global
	GlobalSection(SolutionConfigurationPlatforms) = preSolution
		Debug|Any CPU = Debug|Any CPU
		Release|Any CPU = Release|Any CPU
	EndGlobalSection
	GlobalSection(ProjectConfigurationPlatforms) = postSolution
		{4F69876E-258D-43E1-8DF0-9232E908EF3A}.Debug|Any CPU.ActiveCfg = Debug|Any CPU
		{4F69876E-258D-43E1-8DF0-9232E908EF3A}.Debug|Any CPU.Build.0 = Debug|Any CPU
		{4F69876E-258D-43E1-8DF0-9232E908EF3A}.Release|Any CPU.ActiveCfg = Release|Any CPU
		{4F69876E-258D-43E1-8DF0-9232E908EF3A}.Release|Any CPU.Build.0 = Release|Any CPU
	EndGlobalSection
	GlobalSection(SolutionProperties) = preSolution
		HideSolutionNode = FALSE
	EndGlobalSection
	GlobalSection(ExtensibilityGlobals) = postSolution
		SolutionGuid = {F8FA1106-45DA-47D2-A615-4BBB0A811B60}
	EndGlobalSection
EndGlobal
